// !$*UTF8*$!
{
	archiveVersion = 1;
	classes = {
	};
	objectVersion = 77;
	objects = {

/* Begin PBXContainerItemProxy section */
		42CAC64F2E23472C004D2122 /* PBXContainerItemProxy */ = {
			isa = PBXContainerItemProxy;
			containerPortal = 42CAC6382E234716004D2122 /* Project object */;
			proxyType = 1;
			remoteGlobalIDString = 42CAC63F2E234716004D2122;
			remoteInfo = RowPilot;
		};
		42CAC6592E23472C004D2122 /* PBXContainerItemProxy */ = {
			isa = PBXContainerItemProxy;
			containerPortal = 42CAC6382E234716004D2122 /* Project object */;
			proxyType = 1;
			remoteGlobalIDString = 42CAC63F2E234716004D2122;
			remoteInfo = RowPilot;
		};
/* End PBXContainerItemProxy section */

/* Begin PBXFileReference section */
		42401AE12EF69EDA00AF9EBE /* RowPilot-Info.plist */ = {isa = PBXFileReference; lastKnownFileType = text.plist; path = "RowPilot-Info.plist"; sourceTree = "<group>"; };
		42BFCF912E23823A00E939D8 /* RowPilotDebug.entitlements */ = {isa = PBXFileReference; lastKnownFileType = text.plist.entitlements; path = RowPilotDebug.entitlements; sourceTree = "<group>"; };
		42CAC6402E234716004D2122 /* RowPilot.app */ = {isa = PBXFileReference; explicitFileType = wrapper.application; includeInIndex = 0; path = RowPilot.app; sourceTree = BUILT_PRODUCTS_DIR; };
		42CAC64E2E23472C004D2122 /* RowPilotTests.xctest */ = {isa = PBXFileReference; explicitFileType = wrapper.cfbundle; includeInIndex = 0; path = RowPilotTests.xctest; sourceTree = BUILT_PRODUCTS_DIR; };
		42CAC6582E23472C004D2122 /* RowPilotUITests.xctest */ = {isa = PBXFileReference; explicitFileType = wrapper.cfbundle; includeInIndex = 0; path = RowPilotUITests.xctest; sourceTree = BUILT_PRODUCTS_DIR; };
/* End PBXFileReference section */

/* Begin PBXFileSystemSynchronizedRootGroup section */
		42401AD92EF2F03900AF9EBE /* Models */ = {
			isa = PBXFileSystemSynchronizedRootGroup;
			path = Models;
			sourceTree = "<group>";
		};
		42CAC6512E23472C004D2122 /* RowPilotTests */ = {
			isa = PBXFileSystemSynchronizedRootGroup;
			path = RowPilotTests;
			sourceTree = "<group>";
		};
		42CAC65B2E23472C004D2122 /* RowPilotUITests */ = {
			isa = PBXFileSystemSynchronizedRootGroup;
			path = RowPilotUITests;
			sourceTree = "<group>";
		};
		42CAC6712E234831004D2122 /* App */ = {
			isa = PBXFileSystemSynchronizedRootGroup;
			path = App;
			sourceTree = "<group>";
		};
		42CAC6722E2348EE004D2122 /* Views */ = {
			isa = PBXFileSystemSynchronizedRootGroup;
			path = Views;
			sourceTree = "<group>";
		};
		42CAC6A42E234A89004D2122 /* Resources */ = {
			isa = PBXFileSystemSynchronizedRootGroup;
			path = Resources;
			sourceTree = "<group>";
		};
		42CAC6AD2E2379CD004D2122 /* Utilities */ = {
			isa = PBXFileSystemSynchronizedRootGroup;
			path = Utilities;
			sourceTree = "<group>";
		};
		42CAC6C12E237A25004D2122 /* ViewModels */ = {
			isa = PBXFileSystemSynchronizedRootGroup;
			path = ViewModels;
			sourceTree = "<group>";
		};
/* End PBXFileSystemSynchronizedRootGroup section */

/* Begin PBXFrameworksBuildPhase section */
		42CAC63D2E234716004D2122 /* Frameworks */ = {
			isa = PBXFrameworksBuildPhase;
			buildActionMask = 2147483647;
			files = (
			);
			runOnlyForDeploymentPostprocessing = 0;
		};
		42CAC64B2E23472C004D2122 /* Frameworks */ = {
			isa = PBXFrameworksBuildPhase;
			buildActionMask = 2147483647;
			files = (
			);
			runOnlyForDeploymentPostprocessing = 0;
		};
		42CAC6552E23472C004D2122 /* Frameworks */ = {
			isa = PBXFrameworksBuildPhase;
			buildActionMask = 2147483647;
			files = (
			);
			runOnlyForDeploymentPostprocessing = 0;
		};
/* End PBXFrameworksBuildPhase section */

/* Begin PBXGroup section */
		42CAC6372E234716004D2122 = {
			isa = PBXGroup;
			children = (
				42401AE12EF69EDA00AF9EBE /* RowPilot-Info.plist */,
				42BFCF912E23823A00E939D8 /* RowPilotDebug.entitlements */,
				42CAC6712E234831004D2122 /* App */,
				42CAC6722E2348EE004D2122 /* Views */,
				42CAC6C12E237A25004D2122 /* ViewModels */,
				42CAC6A42E234A89004D2122 /* Resources */,
				42401AD92EF2F03900AF9EBE /* Models */,
				42CAC6AD2E2379CD004D2122 /* Utilities */,
				42CAC6512E23472C004D2122 /* RowPilotTests */,
				42CAC65B2E23472C004D2122 /* RowPilotUITests */,
				42CAC6412E234716004D2122 /* Products */,
			);
			sourceTree = "<group>";
		};
		42CAC6412E234716004D2122 /* Products */ = {
			isa = PBXGroup;
			children = (
				42CAC6402E234716004D2122 /* RowPilot.app */,
				42CAC64E2E23472C004D2122 /* RowPilotTests.xctest */,
				42CAC6582E23472C004D2122 /* RowPilotUITests.xctest */,
			);
			name = Products;
			sourceTree = "<group>";
		};
/* End PBXGroup section */

/* Begin PBXNativeTarget section */
		42CAC63F2E234716004D2122 /* RowPilot */ = {
			isa = PBXNativeTarget;
			buildConfigurationList = 42CAC6622E23472D004D2122 /* Build configuration list for PBXNativeTarget "RowPilot" */;
			buildPhases = (
				42CAC63C2E234716004D2122 /* Sources */,
				42CAC63D2E234716004D2122 /* Frameworks */,
				42CAC63E2E234716004D2122 /* Resources */,
			);
			buildRules = (
			);
			dependencies = (
			);
			fileSystemSynchronizedGroups = (
				42401AD92EF2F03900AF9EBE /* Models */,
				42CAC6712E234831004D2122 /* App */,
				42CAC6722E2348EE004D2122 /* Views */,
				42CAC6A42E234A89004D2122 /* Resources */,
				42CAC6AD2E2379CD004D2122 /* Utilities */,
				42CAC6C12E237A25004D2122 /* ViewModels */,
			);
			name = RowPilot;
			packageProductDependencies = (
			);
			productName = RowPilot;
			productReference = 42CAC6402E234716004D2122 /* RowPilot.app */;
			productType = "com.apple.product-type.application";
		};
		42CAC64D2E23472C004D2122 /* RowPilotTests */ = {
			isa = PBXNativeTarget;
			buildConfigurationList = 42CAC6652E23472D004D2122 /* Build configuration list for PBXNativeTarget "RowPilotTests" */;
			buildPhases = (
				42CAC64A2E23472C004D2122 /* Sources */,
				42CAC64B2E23472C004D2122 /* Frameworks */,
				42CAC64C2E23472C004D2122 /* Resources */,
			);
			buildRules = (
			);
			dependencies = (
				42CAC6502E23472C004D2122 /* PBXTargetDependency */,
			);
			fileSystemSynchronizedGroups = (
				42CAC6512E23472C004D2122 /* RowPilotTests */,
			);
			name = RowPilotTests;
			packageProductDependencies = (
			);
			productName = RowPilotTests;
			productReference = 42CAC64E2E23472C004D2122 /* RowPilotTests.xctest */;
			productType = "com.apple.product-type.bundle.unit-test";
		};
		42CAC6572E23472C004D2122 /* RowPilotUITests */ = {
			isa = PBXNativeTarget;
			buildConfigurationList = 42CAC6682E23472D004D2122 /* Build configuration list for PBXNativeTarget "RowPilotUITests" */;
			buildPhases = (
				42CAC6542E23472C004D2122 /* Sources */,
				42CAC6552E23472C004D2122 /* Frameworks */,
				42CAC6562E23472C004D2122 /* Resources */,
			);
			buildRules = (
			);
			dependencies = (
				42CAC65A2E23472C004D2122 /* PBXTargetDependency */,
			);
			fileSystemSynchronizedGroups = (
				42CAC65B2E23472C004D2122 /* RowPilotUITests */,
			);
			name = RowPilotUITests;
			packageProductDependencies = (
			);
			productName = RowPilotUITests;
			productReference = 42CAC6582E23472C004D2122 /* RowPilotUITests.xctest */;
			productType = "com.apple.product-type.bundle.ui-testing";
		};
/* End PBXNativeTarget section */

/* Begin PBXProject section */
		42CAC6382E234716004D2122 /* Project object */ = {
			isa = PBXProject;
			attributes = {
				BuildIndependentTargetsInParallel = 1;
				LastSwiftUpdateCheck = 1640;
				LastUpgradeCheck = 2620;
				TargetAttributes = {
					42CAC63F2E234716004D2122 = {
						CreatedOnToolsVersion = 16.4;
					};
					42CAC64D2E23472C004D2122 = {
						CreatedOnToolsVersion = 16.4;
						TestTargetID = 42CAC63F2E234716004D2122;
					};
					42CAC6572E23472C004D2122 = {
						CreatedOnToolsVersion = 16.4;
						TestTargetID = 42CAC63F2E234716004D2122;
					};
				};
			};
			buildConfigurationList = 42CAC63B2E234716004D2122 /* Build configuration list for PBXProject "RowPilot" */;
			developmentRegion = ja;
			hasScannedForEncodings = 0;
			knownRegions = (
				en,
				Base,
				ja,
			);
			mainGroup = 42CAC6372E234716004D2122;
			minimizedProjectReferenceProxies = 1;
			preferredProjectObjectVersion = 77;
			productRefGroup = 42CAC6412E234716004D2122 /* Products */;
			projectDirPath = "";
			projectRoot = "";
			targets = (
				42CAC63F2E234716004D2122 /* RowPilot */,
				42CAC64D2E23472C004D2122 /* RowPilotTests */,
				42CAC6572E23472C004D2122 /* RowPilotUITests */,
			);
		};
/* End PBXProject section */

/* Begin PBXResourcesBuildPhase section */
		42CAC63E2E234716004D2122 /* Resources */ = {
			isa = PBXResourcesBuildPhase;
			buildActionMask = 2147483647;
			files = (
			);
			runOnlyForDeploymentPostprocessing = 0;
		};
		42CAC64C2E23472C004D2122 /* Resources */ = {
			isa = PBXResourcesBuildPhase;
			buildActionMask = 2147483647;
			files = (
			);
			runOnlyForDeploymentPostprocessing = 0;
		};
		42CAC6562E23472C004D2122 /* Resources */ = {
			isa = PBXResourcesBuildPhase;
			buildActionMask = 2147483647;
			files = (
			);
			runOnlyForDeploymentPostprocessing = 0;
		};
/* End PBXResourcesBuildPhase section */

/* Begin PBXSourcesBuildPhase section */
		42CAC63C2E234716004D2122 /* Sources */ = {
			isa = PBXSourcesBuildPhase;
			buildActionMask = 2147483647;
			files = (
			);
			runOnlyForDeploymentPostprocessing = 0;
		};
		42CAC64A2E23472C004D2122 /* Sources */ = {
			isa = PBXSourcesBuildPhase;
			buildActionMask = 2147483647;
			files = (
			);
			runOnlyForDeploymentPostprocessing = 0;
		};
		42CAC6542E23472C004D2122 /* Sources */ = {
			isa = PBXSourcesBuildPhase;
			buildActionMask = 2147483647;
			files = (
			);
			runOnlyForDeploymentPostprocessing = 0;
		};
/* End PBXSourcesBuildPhase section */

/* Begin PBXTargetDependency section */
		42CAC6502E23472C004D2122 /* PBXTargetDependency */ = {
			isa = PBXTargetDependency;
			target = 42CAC63F2E234716004D2122 /* RowPilot */;
			targetProxy = 42CAC64F2E23472C004D2122 /* PBXContainerItemProxy */;
		};
		42CAC65A2E23472C004D2122 /* PBXTargetDependency */ = {
			isa = PBXTargetDependency;
			target = 42CAC63F2E234716004D2122 /* RowPilot */;
			targetProxy = 42CAC6592E23472C004D2122 /* PBXContainerItemProxy */;
		};
/* End PBXTargetDependency section */

/* Begin XCBuildConfiguration section */
		42CAC6602E23472D004D2122 /* Debug */ = {
			isa = XCBuildConfiguration;
			buildSettings = {
				ALWAYS_SEARCH_USER_PATHS = NO;
				ASSETCATALOG_COMPILER_GENERATE_SWIFT_ASSET_SYMBOL_EXTENSIONS = YES;
				CLANG_ANALYZER_LOCALIZABILITY_NONLOCALIZED = YES;
				CLANG_ANALYZER_NONNULL = YES;
				CLANG_ANALYZER_NUMBER_OBJECT_CONVERSION = YES_AGGRESSIVE;
				CLANG_CXX_LANGUAGE_STANDARD = "gnu++20";
				CLANG_ENABLE_MODULES = YES;
				CLANG_ENABLE_OBJC_ARC = YES;
				CLANG_ENABLE_OBJC_WEAK = YES;
				CLANG_WARN_BLOCK_CAPTURE_AUTORELEASING = YES;
				CLANG_WARN_BOOL_CONVERSION = YES;
				CLANG_WARN_COMMA = YES;
				CLANG_WARN_CONSTANT_CONVERSION = YES;
				CLANG_WARN_DEPRECATED_OBJC_IMPLEMENTATIONS = YES;
				CLANG_WARN_DIRECT_OBJC_ISA_USAGE = YES_ERROR;
				CLANG_WARN_DOCUMENTATION_COMMENTS = YES;
				CLANG_WARN_EMPTY_BODY = YES;
				CLANG_WARN_ENUM_CONVERSION = YES;
				CLANG_WARN_INFINITE_RECURSION = YES;
				CLANG_WARN_INT_CONVERSION = YES;
				CLANG_WARN_NON_LITERAL_NULL_CONVERSION = YES;
				CLANG_WARN_OBJC_IMPLICIT_RETAIN_SELF = YES;
				CLANG_WARN_OBJC_LITERAL_CONVERSION = YES;
				CLANG_WARN_OBJC_ROOT_CLASS = YES_ERROR;
				CLANG_WARN_QUOTED_INCLUDE_IN_FRAMEWORK_HEADER = YES;
				CLANG_WARN_RANGE_LOOP_ANALYSIS = YES;
				CLANG_WARN_STRICT_PROTOTYPES = YES;
				CLANG_WARN_SUSPICIOUS_MOVE = YES;
				CLANG_WARN_UNGUARDED_AVAILABILITY = YES_AGGRESSIVE;
				CLANG_WARN_UNREACHABLE_CODE = YES;
				CLANG_WARN__DUPLICATE_METHOD_MATCH = YES;
				"CODE_SIGN_ENTITLEMENTS[sdk=*]" = "";
				COPY_PHASE_STRIP = NO;
				DEAD_CODE_STRIPPING = YES;
				DEBUG_INFORMATION_FORMAT = dwarf;
				ENABLE_STRICT_OBJC_MSGSEND = YES;
				ENABLE_TESTABILITY = YES;
				ENABLE_USER_SCRIPT_SANDBOXING = YES;
				GCC_C_LANGUAGE_STANDARD = gnu17;
				GCC_DYNAMIC_NO_PIC = NO;
				GCC_NO_COMMON_BLOCKS = YES;
				GCC_OPTIMIZATION_LEVEL = 0;
				GCC_PREPROCESSOR_DEFINITIONS = (
					"DEBUG=1",
					"$(inherited)",
				);
				GCC_WARN_64_TO_32_BIT_CONVERSION = YES;
				GCC_WARN_ABOUT_RETURN_TYPE = YES_ERROR;
				GCC_WARN_UNDECLARED_SELECTOR = YES;
				GCC_WARN_UNINITIALIZED_AUTOS = YES_AGGRESSIVE;
				GCC_WARN_UNUSED_FUNCTION = YES;
				GCC_WARN_UNUSED_VARIABLE = YES;
				LOCALIZATION_PREFERS_STRING_CATALOGS = YES;
				MTL_ENABLE_DEBUG_INFO = INCLUDE_SOURCE;
				MTL_FAST_MATH = YES;
				ONLY_ACTIVE_ARCH = YES;
				STRING_CATALOG_GENERATE_SYMBOLS = YES;
				SWIFT_ACTIVE_COMPILATION_CONDITIONS = "DEBUG $(inherited)";
				SWIFT_OPTIMIZATION_LEVEL = "-Onone";
			};
			name = Debug;
		};
		42CAC6612E23472D004D2122 /* Release */ = {
			isa = XCBuildConfiguration;
			buildSettings = {
				ALWAYS_SEARCH_USER_PATHS = NO;
				ASSETCATALOG_COMPILER_GENERATE_SWIFT_ASSET_SYMBOL_EXTENSIONS = YES;
				CLANG_ANALYZER_LOCALIZABILITY_NONLOCALIZED = YES;
				CLANG_ANALYZER_NONNULL = YES;
				CLANG_ANALYZER_NUMBER_OBJECT_CONVERSION = YES_AGGRESSIVE;
				CLANG_CXX_LANGUAGE_STANDARD = "gnu++20";
				CLANG_ENABLE_MODULES = YES;
				CLANG_ENABLE_OBJC_ARC = YES;
				CLANG_ENABLE_OBJC_WEAK = YES;
				CLANG_WARN_BLOCK_CAPTURE_AUTORELEASING = YES;
				CLANG_WARN_BOOL_CONVERSION = YES;
				CLANG_WARN_COMMA = YES;
				CLANG_WARN_CONSTANT_CONVERSION = YES;
				CLANG_WARN_DEPRECATED_OBJC_IMPLEMENTATIONS = YES;
				CLANG_WARN_DIRECT_OBJC_ISA_USAGE = YES_ERROR;
				CLANG_WARN_DOCUMENTATION_COMMENTS = YES;
				CLANG_WARN_EMPTY_BODY = YES;
				CLANG_WARN_ENUM_CONVERSION = YES;
				CLANG_WARN_INFINITE_RECURSION = YES;
				CLANG_WARN_INT_CONVERSION = YES;
				CLANG_WARN_NON_LITERAL_NULL_CONVERSION = YES;
				CLANG_WARN_OBJC_IMPLICIT_RETAIN_SELF = YES;
				CLANG_WARN_OBJC_LITERAL_CONVERSION = YES;
				CLANG_WARN_OBJC_ROOT_CLASS = YES_ERROR;
				CLANG_WARN_QUOTED_INCLUDE_IN_FRAMEWORK_HEADER = YES;
				CLANG_WARN_RANGE_LOOP_ANALYSIS = YES;
				CLANG_WARN_STRICT_PROTOTYPES = YES;
				CLANG_WARN_SUSPICIOUS_MOVE = YES;
				CLANG_WARN_UNGUARDED_AVAILABILITY = YES_AGGRESSIVE;
				CLANG_WARN_UNREACHABLE_CODE = YES;
				CLANG_WARN__DUPLICATE_METHOD_MATCH = YES;
				COPY_PHASE_STRIP = NO;
				DEAD_CODE_STRIPPING = YES;
				DEBUG_INFORMATION_FORMAT = "dwarf-with-dsym";
				ENABLE_NS_ASSERTIONS = NO;
				ENABLE_STRICT_OBJC_MSGSEND = YES;
				ENABLE_USER_SCRIPT_SANDBOXING = YES;
				GCC_C_LANGUAGE_STANDARD = gnu17;
				GCC_NO_COMMON_BLOCKS = YES;
				GCC_WARN_64_TO_32_BIT_CONVERSION = YES;
				GCC_WARN_ABOUT_RETURN_TYPE = YES_ERROR;
				GCC_WARN_UNDECLARED_SELECTOR = YES;
				GCC_WARN_UNINITIALIZED_AUTOS = YES_AGGRESSIVE;
				GCC_WARN_UNUSED_FUNCTION = YES;
				GCC_WARN_UNUSED_VARIABLE = YES;
				LOCALIZATION_PREFERS_STRING_CATALOGS = YES;
				MTL_ENABLE_DEBUG_INFO = NO;
				MTL_FAST_MATH = YES;
				STRING_CATALOG_GENERATE_SYMBOLS = YES;
				SWIFT_COMPILATION_MODE = wholemodule;
			};
			name = Release;
		};
		42CAC6632E23472D004D2122 /* Debug */ = {
			isa = XCBuildConfiguration;
			buildSettings = {
				ASSETCATALOG_COMPILER_APPICON_NAME = AppIcon;
				ASSETCATALOG_COMPILER_GLOBAL_ACCENT_COLOR_NAME = AccentColor;
				ASSETCATALOG_COMPILER_INCLUDE_ALL_APPICON_ASSETS = NO;
				CODE_SIGN_ENTITLEMENTS = "$(SRCROOT)/Resources/RowPilot.entitlements";
				CODE_SIGN_STYLE = Automatic;
				CURRENT_PROJECT_VERSION = 1;
				DEAD_CODE_STRIPPING = YES;
				DEVELOPMENT_TEAM = 43GGV4CHH2;
				ENABLE_PREVIEWS = YES;
				GENERATE_INFOPLIST_FILE = YES;
				INFOPLIST_FILE = "RowPilot-Info.plist";
				INFOPLIST_KEY_LSApplicationCategoryType = "";
				INFOPLIST_KEY_LSSupportsOpeningDocumentsInPlace = YES;
				INFOPLIST_KEY_NFCReaderUsageDescription = "ローエルゴとの接続を行うために使用します。";
				INFOPLIST_KEY_NSBluetoothAlwaysUsageDescription = "ローエルゴとの接続を行うために使用します。";
				INFOPLIST_KEY_NSFaceIDUsageDescription = "アプリ内課金要素(RowPilot プレミアム)に課金する際に使用します。";
				INFOPLIST_KEY_NSLocationWhenInUseUsageDescription = "現在地の最寄りの観測所の潮汐情報を取得したり、トレーニング中の移動距離を記録したりするために位置情報を使用します。";
				INFOPLIST_KEY_NSMotionUsageDescription = "ボートの動きを検出し、SPMを計算するために使用します。";
				"INFOPLIST_KEY_UIApplicationSceneManifest_Generation[sdk=iphoneos*]" = YES;
				"INFOPLIST_KEY_UIApplicationSceneManifest_Generation[sdk=iphonesimulator*]" = YES;
				"INFOPLIST_KEY_UIApplicationSupportsIndirectInputEvents[sdk=iphoneos*]" = YES;
				"INFOPLIST_KEY_UIApplicationSupportsIndirectInputEvents[sdk=iphonesimulator*]" = YES;
				"INFOPLIST_KEY_UILaunchScreen_Generation[sdk=iphoneos*]" = YES;
				"INFOPLIST_KEY_UILaunchScreen_Generation[sdk=iphonesimulator*]" = YES;
				"INFOPLIST_KEY_UIStatusBarStyle[sdk=iphoneos*]" = UIStatusBarStyleDefault;
				"INFOPLIST_KEY_UIStatusBarStyle[sdk=iphonesimulator*]" = UIStatusBarStyleDefault;
				INFOPLIST_KEY_UISupportedInterfaceOrientations = "UIInterfaceOrientationPortrait UIInterfaceOrientationLandscapeLeft UIInterfaceOrientationLandscapeRight";
				INFOPLIST_KEY_UISupportedInterfaceOrientations_iPad = "UIInterfaceOrientationPortrait UIInterfaceOrientationPortraitUpsideDown UIInterfaceOrientationLandscapeLeft UIInterfaceOrientationLandscapeRight";
				IPHONEOS_DEPLOYMENT_TARGET = 26.0;
				LD_RUNPATH_SEARCH_PATHS = "@executable_path/Frameworks";
				"LD_RUNPATH_SEARCH_PATHS[sdk=macosx*]" = "@executable_path/../Frameworks";
				MACOSX_DEPLOYMENT_TARGET = 26.0;
				MARKETING_VERSION = 1.0;
				PRODUCT_BUNDLE_IDENTIFIER = jp.rowpilot.app;
				PRODUCT_NAME = "$(TARGET_NAME)";
				REGISTER_APP_GROUPS = YES;
				SDKROOT = auto;
				SUPPORTED_PLATFORMS = "iphoneos iphonesimulator";
				SUPPORTS_MACCATALYST = NO;
				SWIFT_EMIT_LOC_STRINGS = YES;
				SWIFT_VERSION = 5.0;
				TARGETED_DEVICE_FAMILY = "1,2";
				XROS_DEPLOYMENT_TARGET = 26.0;
			};
			name = Debug;
		};
		42CAC6642E23472D004D2122 /* Release */ = {
			isa = XCBuildConfiguration;
			buildSettings = {
				ASSETCATALOG_COMPILER_APPICON_NAME = AppIcon;
				ASSETCATALOG_COMPILER_GLOBAL_ACCENT_COLOR_NAME = AccentColor;
				ASSETCATALOG_COMPILER_INCLUDE_ALL_APPICON_ASSETS = NO;
				CODE_SIGN_ENTITLEMENTS = "$(SRCROOT)/Resources/RowPilot.entitlements";
				"CODE_SIGN_IDENTITY[sdk=macosx*]" = "Apple Development";
				CODE_SIGN_STYLE = Automatic;
				CURRENT_PROJECT_VERSION = 1;
				DEAD_CODE_STRIPPING = YES;
				DEVELOPMENT_TEAM = 43GGV4CHH2;
				ENABLE_PREVIEWS = YES;
				GENERATE_INFOPLIST_FILE = YES;
				INFOPLIST_FILE = "RowPilot-Info.plist";
				INFOPLIST_KEY_LSApplicationCategoryType = "";
				INFOPLIST_KEY_LSSupportsOpeningDocumentsInPlace = YES;
				INFOPLIST_KEY_NFCReaderUsageDescription = "ローエルゴとの接続を行うために使用します。";
				INFOPLIST_KEY_NSBluetoothAlwaysUsageDescription = "ローエルゴとの接続を行うために使用します。";
				INFOPLIST_KEY_NSFaceIDUsageDescription = "アプリ内課金要素(RowPilot プレミアム)に課金する際に使用します。";
				INFOPLIST_KEY_NSLocationWhenInUseUsageDescription = "現在地の最寄りの観測所の潮汐情報を取得したり、トレーニング中の移動距離を記録したりするために位置情報を使用します。";
				INFOPLIST_KEY_NSMotionUsageDescription = "ボートの動きを検出し、SPMを計算するために使用します。";
				"INFOPLIST_KEY_UIApplicationSceneManifest_Generation[sdk=iphoneos*]" = YES;
				"INFOPLIST_KEY_UIApplicationSceneManifest_Generation[sdk=iphonesimulator*]" = YES;
				"INFOPLIST_KEY_UIApplicationSupportsIndirectInputEvents[sdk=iphoneos*]" = YES;
				"INFOPLIST_KEY_UIApplicationSupportsIndirectInputEvents[sdk=iphonesimulator*]" = YES;
				"INFOPLIST_KEY_UILaunchScreen_Generation[sdk=iphoneos*]" = YES;
				"INFOPLIST_KEY_UILaunchScreen_Generation[sdk=iphonesimulator*]" = YES;
				"INFOPLIST_KEY_UIStatusBarStyle[sdk=iphoneos*]" = UIStatusBarStyleDefault;
				"INFOPLIST_KEY_UIStatusBarStyle[sdk=iphonesimulator*]" = UIStatusBarStyleDefault;
				INFOPLIST_KEY_UISupportedInterfaceOrientations = "UIInterfaceOrientationPortrait UIInterfaceOrientationLandscapeLeft UIInterfaceOrientationLandscapeRight";
				INFOPLIST_KEY_UISupportedInterfaceOrientations_iPad = "UIInterfaceOrientationPortrait UIInterfaceOrientationPortraitUpsideDown UIInterfaceOrientationLandscapeLeft UIInterfaceOrientationLandscapeRight";
				IPHONEOS_DEPLOYMENT_TARGET = 26.0;
				LD_RUNPATH_SEARCH_PATHS = "@executable_path/Frameworks";
				"LD_RUNPATH_SEARCH_PATHS[sdk=macosx*]" = "@executable_path/../Frameworks";
				MACOSX_DEPLOYMENT_TARGET = 26.0;
				MARKETING_VERSION = 1.0;
				PRODUCT_BUNDLE_IDENTIFIER = jp.rowpilot.app;
				PRODUCT_NAME = "$(TARGET_NAME)";
				REGISTER_APP_GROUPS = YES;
				SDKROOT = auto;
				SUPPORTED_PLATFORMS = "iphoneos iphonesimulator";
				SUPPORTS_MACCATALYST = NO;
				SWIFT_EMIT_LOC_STRINGS = YES;
				SWIFT_VERSION = 5.0;
				TARGETED_DEVICE_FAMILY = "1,2";
				XROS_DEPLOYMENT_TARGET = 26.0;
			};
			name = Release;
		};
		42CAC6662E23472D004D2122 /* Debug */ = {
			isa = XCBuildConfiguration;
			buildSettings = {
				BUNDLE_LOADER = "$(TEST_HOST)";
				CODE_SIGN_STYLE = Automatic;
				CURRENT_PROJECT_VERSION = 1;
				DEAD_CODE_STRIPPING = YES;
				GENERATE_INFOPLIST_FILE = YES;
				IPHONEOS_DEPLOYMENT_TARGET = 18.5;
				MACOSX_DEPLOYMENT_TARGET = 15.4;
				MARKETING_VERSION = 1.0;
				PRODUCT_BUNDLE_IDENTIFIER = "aho-project.RowPilotTests";
				PRODUCT_NAME = "$(TARGET_NAME)";
				SDKROOT = auto;
				SUPPORTED_PLATFORMS = "iphoneos iphonesimulator macosx xros xrsimulator";
				SWIFT_EMIT_LOC_STRINGS = NO;
				SWIFT_VERSION = 5.0;
				TARGETED_DEVICE_FAMILY = "1,2,7";
				TEST_HOST = "$(BUILT_PRODUCTS_DIR)/RowPilot.app/$(BUNDLE_EXECUTABLE_FOLDER_PATH)/RowPilot";
				XROS_DEPLOYMENT_TARGET = 2.5;
			};
			name = Debug;
		};
		42CAC6672E23472D004D2122 /* Release */ = {
			isa = XCBuildConfiguration;
			buildSettings = {
				BUNDLE_LOADER = "$(TEST_HOST)";
				CODE_SIGN_STYLE = Automatic;
				CURRENT_PROJECT_VERSION = 1;
				DEAD_CODE_STRIPPING = YES;
				GENERATE_INFOPLIST_FILE = YES;
				IPHONEOS_DEPLOYMENT_TARGET = 18.5;
				MACOSX_DEPLOYMENT_TARGET = 15.4;
				MARKETING_VERSION = 1.0;
				PRODUCT_BUNDLE_IDENTIFIER = "aho-project.RowPilotTests";
				PRODUCT_NAME = "$(TARGET_NAME)";
				SDKROOT = auto;
				SUPPORTED_PLATFORMS = "iphoneos iphonesimulator macosx xros xrsimulator";
				SWIFT_EMIT_LOC_STRINGS = NO;
				SWIFT_VERSION = 5.0;
				TARGETED_DEVICE_FAMILY = "1,2,7";
				TEST_HOST = "$(BUILT_PRODUCTS_DIR)/RowPilot.app/$(BUNDLE_EXECUTABLE_FOLDER_PATH)/RowPilot";
				XROS_DEPLOYMENT_TARGET = 2.5;
			};
			name = Release;
		};
		42CAC6692E23472D004D2122 /* Debug */ = {
			isa = XCBuildConfiguration;
			buildSettings = {
				CODE_SIGN_STYLE = Automatic;
				CURRENT_PROJECT_VERSION = 1;
				DEAD_CODE_STRIPPING = YES;
				GENERATE_INFOPLIST_FILE = YES;
				IPHONEOS_DEPLOYMENT_TARGET = 18.5;
				MACOSX_DEPLOYMENT_TARGET = 15.4;
				MARKETING_VERSION = 1.0;
				PRODUCT_BUNDLE_IDENTIFIER = "aho-project.RowPilotUITests";
				PRODUCT_NAME = "$(TARGET_NAME)";
				SDKROOT = auto;
				SUPPORTED_PLATFORMS = "iphoneos iphonesimulator macosx xros xrsimulator";
				SWIFT_EMIT_LOC_STRINGS = NO;
				SWIFT_VERSION = 5.0;
				TARGETED_DEVICE_FAMILY = "1,2,7";
				TEST_TARGET_NAME = RowPilot;
				XROS_DEPLOYMENT_TARGET = 2.5;
			};
			name = Debug;
		};
		42CAC66A2E23472D004D2122 /* Release */ = {
			isa = XCBuildConfiguration;
			buildSettings = {
				CODE_SIGN_STYLE = Automatic;
				CURRENT_PROJECT_VERSION = 1;
				DEAD_CODE_STRIPPING = YES;
				GENERATE_INFOPLIST_FILE = YES;
				IPHONEOS_DEPLOYMENT_TARGET = 18.5;
				MACOSX_DEPLOYMENT_TARGET = 15.4;
				MARKETING_VERSION = 1.0;
				PRODUCT_BUNDLE_IDENTIFIER = "aho-project.RowPilotUITests";
				PRODUCT_NAME = "$(TARGET_NAME)";
				SDKROOT = auto;
				SUPPORTED_PLATFORMS = "iphoneos iphonesimulator macosx xros xrsimulator";
				SWIFT_EMIT_LOC_STRINGS = NO;
				SWIFT_VERSION = 5.0;
				TARGETED_DEVICE_FAMILY = "1,2,7";
				TEST_TARGET_NAME = RowPilot;
				XROS_DEPLOYMENT_TARGET = 2.5;
			};
			name = Release;
		};
/* End XCBuildConfiguration section */

/* Begin XCConfigurationList section */
		42CAC63B2E234716004D2122 /* Build configuration list for PBXProject "RowPilot" */ = {
			isa = XCConfigurationList;
			buildConfigurations = (
				42CAC6602E23472D004D2122 /* Debug */,
				42CAC6612E23472D004D2122 /* Release */,
			);
			defaultConfigurationIsVisible = 0;
			defaultConfigurationName = Release;
		};
		42CAC6622E23472D004D2122 /* Build configuration list for PBXNativeTarget "RowPilot" */ = {
			isa = XCConfigurationList;
			buildConfigurations = (
				42CAC6632E23472D004D2122 /* Debug */,
				42CAC6642E23472D004D2122 /* Release */,
			);
			defaultConfigurationIsVisible = 0;
			defaultConfigurationName = Release;
		};
		42CAC6652E23472D004D2122 /* Build configuration list for PBXNativeTarget "RowPilotTests" */ = {
			isa = XCConfigurationList;
			buildConfigurations = (
				42CAC6662E23472D004D2122 /* Debug */,
				42CAC6672E23472D004D2122 /* Release */,
			);
			defaultConfigurationIsVisible = 0;
			defaultConfigurationName = Release;
		};
		42CAC6682E23472D004D2122 /* Build configuration list for PBXNativeTarget "RowPilotUITests" */ = {
			isa = XCConfigurationList;
			buildConfigurations = (
				42CAC6692E23472D004D2122 /* Debug */,
				42CAC66A2E23472D004D2122 /* Release */,
			);
			defaultConfigurationIsVisible = 0;
			defaultConfigurationName = Release;
		};
/* End XCConfigurationList section */
	};
	rootObject = 42CAC6382E234716004D2122 /* Project object */;
}
